// !$*UTF8*$!
{
	archiveVersion = 1;
	classes = {
	};
	objectVersion = 46;
	objects = {

/* Begin PBXBuildFile section */
		18DEBE311D9808B000E93D56 /* AppDelegate.swift in Sources */ = {isa = PBXBuildFile; fileRef = 18DEBE301D9808B000E93D56 /* AppDelegate.swift */; };
		18DEBE331D9808B000E93D56 /* ViewController.swift in Sources */ = {isa = PBXBuildFile; fileRef = 18DEBE321D9808B000E93D56 /* ViewController.swift */; };
		18DEBE361D9808B000E93D56 /* Main.storyboard in Resources */ = {isa = PBXBuildFile; fileRef = 18DEBE341D9808B000E93D56 /* Main.storyboard */; };
		18DEBE381D9808B100E93D56 /* Assets.xcassets in Resources */ = {isa = PBXBuildFile; fileRef = 18DEBE371D9808B100E93D56 /* Assets.xcassets */; };
		18DEBE3B1D9808B100E93D56 /* LaunchScreen.storyboard in Resources */ = {isa = PBXBuildFile; fileRef = 18DEBE391D9808B100E93D56 /* LaunchScreen.storyboard */; };
		18DEBE461D9808B100E93D56 /* DouYuTVTests.swift in Sources */ = {isa = PBXBuildFile; fileRef = 18DEBE451D9808B100E93D56 /* DouYuTVTests.swift */; };
		18DEBE511D9808B100E93D56 /* DouYuTVUITests.swift in Sources */ = {isa = PBXBuildFile; fileRef = 18DEBE501D9808B100E93D56 /* DouYuTVUITests.swift */; };
/* End PBXBuildFile section */

/* Begin PBXContainerItemProxy section */
		18DEBE421D9808B100E93D56 /* PBXContainerItemProxy */ = {
			isa = PBXContainerItemProxy;
			containerPortal = 18DEBE251D9808B000E93D56 /* Project object */;
			proxyType = 1;
			remoteGlobalIDString = 18DEBE2C1D9808B000E93D56;
			remoteInfo = DouYuTV;
		};
		18DEBE4D1D9808B100E93D56 /* PBXContainerItemProxy */ = {
			isa = PBXContainerItemProxy;
			containerPortal = 18DEBE251D9808B000E93D56 /* Project object */;
			proxyType = 1;
			remoteGlobalIDString = 18DEBE2C1D9808B000E93D56;
			remoteInfo = DouYuTV;
		};
/* End PBXContainerItemProxy section */

/* Begin PBXFileReference section */
		18DEBE2D1D9808B000E93D56 /* DouYuTV.app */ = {isa = PBXFileReference; explicitFileType = wrapper.application; includeInIndex = 0; path = DouYuTV.app; sourceTree = BUILT_PRODUCTS_DIR; };
		18DEBE301D9808B000E93D56 /* AppDelegate.swift */ = {isa = PBXFileReference; lastKnownFileType = sourcecode.swift; path = AppDelegate.swift; sourceTree = "<group>"; };
		18DEBE321D9808B000E93D56 /* ViewController.swift */ = {isa = PBXFileReference; lastKnownFileType = sourcecode.swift; path = ViewController.swift; sourceTree = "<group>"; };
		18DEBE351D9808B000E93D56 /* Base */ = {isa = PBXFileReference; lastKnownFileType = file.storyboard; name = Base; path = Base.lproj/Main.storyboard; sourceTree = "<group>"; };
		18DEBE371D9808B100E93D56 /* Assets.xcassets */ = {isa = PBXFileReference; lastKnownFileType = folder.assetcatalog; path = Assets.xcassets; sourceTree = "<group>"; };
		18DEBE3A1D9808B100E93D56 /* Base */ = {isa = PBXFileReference; lastKnownFileType = file.storyboard; name = Base; path = Base.lproj/LaunchScreen.storyboard; sourceTree = "<group>"; };
		18DEBE3C1D9808B100E93D56 /* Info.plist */ = {isa = PBXFileReference; lastKnownFileType = text.plist.xml; path = Info.plist; sourceTree = "<group>"; };
		18DEBE411D9808B100E93D56 /* DouYuTVTests.xctest */ = {isa = PBXFileReference; explicitFileType = wrapper.cfbundle; includeInIndex = 0; path = DouYuTVTests.xctest; sourceTree = BUILT_PRODUCTS_DIR; };
		18DEBE451D9808B100E93D56 /* DouYuTVTests.swift */ = {isa = PBXFileReference; lastKnownFileType = sourcecode.swift; path = DouYuTVTests.swift; sourceTree = "<group>"; };
		18DEBE471D9808B100E93D56 /* Info.plist */ = {isa = PBXFileReference; lastKnownFileType = text.plist.xml; path = Info.plist; sourceTree = "<group>"; };
		18DEBE4C1D9808B100E93D56 /* DouYuTVUITests.xctest */ = {isa = PBXFileReference; explicitFileType = wrapper.cfbundle; includeInIndex = 0; path = DouYuTVUITests.xctest; sourceTree = BUILT_PRODUCTS_DIR; };
		18DEBE501D9808B100E93D56 /* DouYuTVUITests.swift */ = {isa = PBXFileReference; lastKnownFileType = sourcecode.swift; path = DouYuTVUITests.swift; sourceTree = "<group>"; };
		18DEBE521D9808B100E93D56 /* Info.plist */ = {isa = PBXFileReference; lastKnownFileType = text.plist.xml; path = Info.plist; sourceTree = "<group>"; };
/* End PBXFileReference section */

/* Begin PBXFrameworksBuildPhase section */
		18DEBE2A1D9808B000E93D56 /* Frameworks */ = {
			isa = PBXFrameworksBuildPhase;
			buildActionMask = 2147483647;
			files = (
			);
			runOnlyForDeploymentPostprocessing = 0;
		};
		18DEBE3E1D9808B100E93D56 /* Frameworks */ = {
			isa = PBXFrameworksBuildPhase;
			buildActionMask = 2147483647;
			files = (
			);
			runOnlyForDeploymentPostprocessing = 0;
		};
		18DEBE491D9808B100E93D56 /* Frameworks */ = {
			isa = PBXFrameworksBuildPhase;
			buildActionMask = 2147483647;
			files = (
			);
			runOnlyForDeploymentPostprocessing = 0;
		};
/* End PBXFrameworksBuildPhase section */

/* Begin PBXGroup section */
		18DEBE241D9808B000E93D56 = {
			isa = PBXGroup;
			children = (
				18DEBE2F1D9808B000E93D56 /* DouYuTV */,
				18DEBE441D9808B100E93D56 /* DouYuTVTests */,
				18DEBE4F1D9808B100E93D56 /* DouYuTVUITests */,
				18DEBE2E1D9808B000E93D56 /* Products */,
			);
			sourceTree = "<group>";
		};
		18DEBE2E1D9808B000E93D56 /* Products */ = {
			isa = PBXGroup;
			children = (
				18DEBE2D1D9808B000E93D56 /* DouYuTV.app */,
				18DEBE411D9808B100E93D56 /* DouYuTVTests.xctest */,
				18DEBE4C1D9808B100E93D56 /* DouYuTVUITests.xctest */,
			);
			name = Products;
			sourceTree = "<group>";
		};
		18DEBE2F1D9808B000E93D56 /* DouYuTV */ = {
			isa = PBXGroup;
			children = (
				18DEBE301D9808B000E93D56 /* AppDelegate.swift */,
				18DEBE321D9808B000E93D56 /* ViewController.swift */,
				18DEBE341D9808B000E93D56 /* Main.storyboard */,
				18DEBE371D9808B100E93D56 /* Assets.xcassets */,
				18DEBE391D9808B100E93D56 /* LaunchScreen.storyboard */,
				18DEBE3C1D9808B100E93D56 /* Info.plist */,
			);
			path = DouYuTV;
			sourceTree = "<group>";
		};
		18DEBE441D9808B100E93D56 /* DouYuTVTests */ = {
			isa = PBXGroup;
			children = (
				18DEBE451D9808B100E93D56 /* DouYuTVTests.swift */,
				18DEBE471D9808B100E93D56 /* Info.plist */,
			);
			path = DouYuTVTests;
			sourceTree = "<group>";
		};
		18DEBE4F1D9808B100E93D56 /* DouYuTVUITests */ = {
			isa = PBXGroup;
			children = (
				18DEBE501D9808B100E93D56 /* DouYuTVUITests.swift */,
				18DEBE521D9808B100E93D56 /* Info.plist */,
			);
			path = DouYuTVUITests;
			sourceTree = "<group>";
		};
/* End PBXGroup section */

/* Begin PBXNativeTarget section */
		18DEBE2C1D9808B000E93D56 /* DouYuTV */ = {
			isa = PBXNativeTarget;
			buildConfigurationList = 18DEBE551D9808B100E93D56 /* Build configuration list for PBXNativeTarget "DouYuTV" */;
			buildPhases = (
				18DEBE291D9808B000E93D56 /* Sources */,
				18DEBE2A1D9808B000E93D56 /* Frameworks */,
				18DEBE2B1D9808B000E93D56 /* Resources */,
			);
			buildRules = (
			);
			dependencies = (
			);
			name = DouYuTV;
			productName = DouYuTV;
			productReference = 18DEBE2D1D9808B000E93D56 /* DouYuTV.app */;
			productType = "com.apple.product-type.application";
		};
		18DEBE401D9808B100E93D56 /* DouYuTVTests */ = {
			isa = PBXNativeTarget;
			buildConfigurationList = 18DEBE581D9808B100E93D56 /* Build configuration list for PBXNativeTarget "DouYuTVTests" */;
			buildPhases = (
				18DEBE3D1D9808B100E93D56 /* Sources */,
				18DEBE3E1D9808B100E93D56 /* Frameworks */,
				18DEBE3F1D9808B100E93D56 /* Resources */,
			);
			buildRules = (
			);
			dependencies = (
				18DEBE431D9808B100E93D56 /* PBXTargetDependency */,
			);
			name = DouYuTVTests;
			productName = DouYuTVTests;
			productReference = 18DEBE411D9808B100E93D56 /* DouYuTVTests.xctest */;
			productType = "com.apple.product-type.bundle.unit-test";
		};
		18DEBE4B1D9808B100E93D56 /* DouYuTVUITests */ = {
			isa = PBXNativeTarget;
			buildConfigurationList = 18DEBE5B1D9808B100E93D56 /* Build configuration list for PBXNativeTarget "DouYuTVUITests" */;
			buildPhases = (
				18DEBE481D9808B100E93D56 /* Sources */,
				18DEBE491D9808B100E93D56 /* Frameworks */,
				18DEBE4A1D9808B100E93D56 /* Resources */,
			);
			buildRules = (
			);
			dependencies = (
				18DEBE4E1D9808B100E93D56 /* PBXTargetDependency */,
			);
			name = DouYuTVUITests;
			productName = DouYuTVUITests;
			productReference = 18DEBE4C1D9808B100E93D56 /* DouYuTVUITests.xctest */;
			productType = "com.apple.product-type.bundle.ui-testing";
		};
/* End PBXNativeTarget section */

/* Begin PBXProject section */
		18DEBE251D9808B000E93D56 /* Project object */ = {
			isa = PBXProject;
			attributes = {
				LastSwiftUpdateCheck = 0720;
				LastUpgradeCheck = 0720;
				ORGANIZATIONNAME = Apple;
				TargetAttributes = {
					18DEBE2C1D9808B000E93D56 = {
						CreatedOnToolsVersion = 7.2;
						DevelopmentTeam = 3B9DVNJNDV;
					};
					18DEBE401D9808B100E93D56 = {
						CreatedOnToolsVersion = 7.2;
						DevelopmentTeam = 3B9DVNJNDV;
						TestTargetID = 18DEBE2C1D9808B000E93D56;
					};
					18DEBE4B1D9808B100E93D56 = {
						CreatedOnToolsVersion = 7.2;
						DevelopmentTeam = 3B9DVNJNDV;
						TestTargetID = 18DEBE2C1D9808B000E93D56;
					};
				};
			};
			buildConfigurationList = 18DEBE281D9808B000E93D56 /* Build configuration list for PBXProject "DouYuTV" */;
			compatibilityVersion = "Xcode 3.2";
			developmentRegion = English;
			hasScannedForEncodings = 0;
			knownRegions = (
				en,
				Base,
			);
			mainGroup = 18DEBE241D9808B000E93D56;
			productRefGroup = 18DEBE2E1D9808B000E93D56 /* Products */;
			projectDirPath = "";
			projectRoot = "";
			targets = (
				18DEBE2C1D9808B000E93D56 /* DouYuTV */,
				18DEBE401D9808B100E93D56 /* DouYuTVTests */,
				18DEBE4B1D9808B100E93D56 /* DouYuTVUITests */,
			);
		};
/* End PBXProject section */

/* Begin PBXResourcesBuildPhase section */
		18DEBE2B1D9808B000E93D56 /* Resources */ = {
			isa = PBXResourcesBuildPhase;
			buildActionMask = 2147483647;
			files = (
				18DEBE3B1D9808B100E93D56 /* LaunchScreen.storyboard in Resources */,
				18DEBE381D9808B100E93D56 /* Assets.xcassets in Resources */,
				18DEBE361D9808B000E93D56 /* Main.storyboard in Resources */,
			);
			runOnlyForDeploymentPostprocessing = 0;
		};
		18DEBE3F1D9808B100E93D56 /* Resources */ = {
			isa = PBXResourcesBuildPhase;
			buildActionMask = 2147483647;
			files = (
			);
			runOnlyForDeploymentPostprocessing = 0;
		};
		18DEBE4A1D9808B100E93D56 /* Resources */ = {
			isa = PBXResourcesBuildPhase;
			buildActionMask = 2147483647;
			files = (
			);
			runOnlyForDeploymentPostprocessing = 0;
		};
/* End PBXResourcesBuildPhase section */

/* Begin PBXSourcesBuildPhase section */
		18DEBE291D9808B000E93D56 /* Sources */ = {
			isa = PBXSourcesBuildPhase;
			buildActionMask = 2147483647;
			files = (
				18DEBE331D9808B000E93D56 /* ViewController.swift in Sources */,
				18DEBE311D9808B000E93D56 /* AppDelegate.swift in Sources */,
			);
			runOnlyForDeploymentPostprocessing = 0;
		};
		18DEBE3D1D9808B100E93D56 /* Sources */ = {
			isa = PBXSourcesBuildPhase;
			buildActionMask = 2147483647;
			files = (
				18DEBE461D9808B100E93D56 /* DouYuTVTests.swift in Sources */,
			);
			runOnlyForDeploymentPostprocessing = 0;
		};
		18DEBE481D9808B100E93D56 /* Sources */ = {
			isa = PBXSourcesBuildPhase;
			buildActionMask = 2147483647;
			files = (
				18DEBE511D9808B100E93D56 /* DouYuTVUITests.swift in Sources */,
			);
			runOnlyForDeploymentPostprocessing = 0;
		};
/* End PBXSourcesBuildPhase section */

/* Begin PBXTargetDependency section */
		18DEBE431D9808B100E93D56 /* PBXTargetDependency */ = {
			isa = PBXTargetDependency;
			target = 18DEBE2C1D9808B000E93D56 /* DouYuTV */;
			targetProxy = 18DEBE421D9808B100E93D56 /* PBXContainerItemProxy */;
		};
		18DEBE4E1D9808B100E93D56 /* PBXTargetDependency */ = {
			isa = PBXTargetDependency;
			target = 18DEBE2C1D9808B000E93D56 /* DouYuTV */;
			targetProxy = 18DEBE4D1D9808B100E93D56 /* PBXContainerItemProxy */;
		};
/* End PBXTargetDependency section */

/* Begin PBXVariantGroup section */
		18DEBE341D9808B000E93D56 /* Main.storyboard */ = {
			isa = PBXVariantGroup;
			children = (
				18DEBE351D9808B000E93D56 /* Base */,
			);
			name = Main.storyboard;
			sourceTree = "<group>";
		};
		18DEBE391D9808B100E93D56 /* LaunchScreen.storyboard */ = {
			isa = PBXVariantGroup;
			children = (
				18DEBE3A1D9808B100E93D56 /* Base */,
			);
			name = LaunchScreen.storyboard;
			sourceTree = "<group>";
		};
/* End PBXVariantGroup section */

/* Begin XCBuildConfiguration section */
		18DEBE531D9808B100E93D56 /* Debug */ = {
			isa = XCBuildConfiguration;
			buildSettings = {
				ALWAYS_SEARCH_USER_PATHS = NO;
				CLANG_CXX_LANGUAGE_STANDARD = "gnu++0x";
				CLANG_CXX_LIBRARY = "libc++";
				CLANG_ENABLE_MODULES = YES;
				CLANG_ENABLE_OBJC_ARC = YES;
				CLANG_WARN_BOOL_CONVERSION = YES;
				CLANG_WARN_CONSTANT_CONVERSION = YES;
				CLANG_WARN_DIRECT_OBJC_ISA_USAGE = YES_ERROR;
				CLANG_WARN_EMPTY_BODY = YES;
				CLANG_WARN_ENUM_CONVERSION = YES;
				CLANG_WARN_INT_CONVERSION = YES;
				CLANG_WARN_OBJC_ROOT_CLASS = YES_ERROR;
				CLANG_WARN_UNREACHABLE_CODE = YES;
				CLANG_WARN__DUPLICATE_METHOD_MATCH = YES;
				"CODE_SIGN_IDENTITY[sdk=iphoneos*]" = "iPhone Developer";
				COPY_PHASE_STRIP = NO;
				DEBUG_INFORMATION_FORMAT = dwarf;
				ENABLE_STRICT_OBJC_MSGSEND = YES;
				ENABLE_TESTABILITY = YES;
				GCC_C_LANGUAGE_STANDARD = gnu99;
				GCC_DYNAMIC_NO_PIC = NO;
				GCC_NO_COMMON_BLOCKS = YES;
				GCC_OPTIMIZATION_LEVEL = 0;
				GCC_PREPROCESSOR_DEFINITIONS = (
					"DEBUG=1",
					"$(inherited)",
				);
				GCC_WARN_64_TO_32_BIT_CONVERSION = YES;
				GCC_WARN_ABOUT_RETURN_TYPE = YES_ERROR;
				GCC_WARN_UNDECLARED_SELECTOR = YES;
				GCC_WARN_UNINITIALIZED_AUTOS = YES_AGGRESSIVE;
				GCC_WARN_UNUSED_FUNCTION = YES;
				GCC_WARN_UNUSED_VARIABLE = YES;
				IPHONEOS_DEPLOYMENT_TARGET = 9.2;
				MTL_ENABLE_DEBUG_INFO = YES;
				ONLY_ACTIVE_ARCH = YES;
				SDKROOT = iphoneos;
				SWIFT_OPTIMIZATION_LEVEL = "-Onone";
				TARGETED_DEVICE_FAMILY = "1,2";
			};
			name = Debug;
		};
		18DEBE541D9808B100E93D56 /* Release */ = {
			isa = XCBuildConfiguration;
			buildSettings = {
				ALWAYS_SEARCH_USER_PATHS = NO;
				CLANG_CXX_LANGUAGE_STANDARD = "gnu++0x";
				CLANG_CXX_LIBRARY = "libc++";
				CLANG_ENABLE_MODULES = YES;
				CLANG_ENABLE_OBJC_ARC = YES;
				CLANG_WARN_BOOL_CONVERSION = YES;
				CLANG_WARN_CONSTANT_CONVERSION = YES;
				CLANG_WARN_DIRECT_OBJC_ISA_USAGE = YES_ERROR;
				CLANG_WARN_EMPTY_BODY = YES;
				CLANG_WARN_ENUM_CONVERSION = YES;
				CLANG_WARN_INT_CONVERSION = YES;
				CLANG_WARN_OBJC_ROOT_CLASS = YES_ERROR;
				CLANG_WARN_UNREACHABLE_CODE = YES;
				CLANG_WARN__DUPLICATE_METHOD_MATCH = YES;
				"CODE_SIGN_IDENTITY[sdk=iphoneos*]" = "iPhone Developer";
				COPY_PHASE_STRIP = NO;
				DEBUG_INFORMATION_FORMAT = "dwarf-with-dsym";
				ENABLE_NS_ASSERTIONS = NO;
				ENABLE_STRICT_OBJC_MSGSEND = YES;
				GCC_C_LANGUAGE_STANDARD = gnu99;
				GCC_NO_COMMON_BLOCKS = YES;
				GCC_WARN_64_TO_32_BIT_CONVERSION = YES;
				GCC_WARN_ABOUT_RETURN_TYPE = YES_ERROR;
				GCC_WARN_UNDECLARED_SELECTOR = YES;
				GCC_WARN_UNINITIALIZED_AUTOS = YES_AGGRESSIVE;
				GCC_WARN_UNUSED_FUNCTION = YES;
				GCC_WARN_UNUSED_VARIABLE = YES;
				IPHONEOS_DEPLOYMENT_TARGET = 9.2;
				MTL_ENABLE_DEBUG_INFO = NO;
				SDKROOT = iphoneos;
				TARGETED_DEVICE_FAMILY = "1,2";
				VALIDATE_PRODUCT = YES;
			};
			name = Release;
		};
		18DEBE561D9808B100E93D56 /* Debug */ = {
			isa = XCBuildConfiguration;
			buildSettings = {
				ASSETCATALOG_COMPILER_APPICON_NAME = AppIcon;
				INFOPLIST_FILE = DouYuTV/Info.plist;
				LD_RUNPATH_SEARCH_PATHS = "$(inherited) @executable_path/Frameworks";
				PRODUCT_BUNDLE_IDENTIFIER = com.wang.DouYuTV;
				PRODUCT_NAME = "$(TARGET_NAME)";
			};
			name = Debug;
		};
		18DEBE571D9808B100E93D56 /* Release */ = {
			isa = XCBuildConfiguration;
			buildSettings = {
				ASSETCATALOG_COMPILER_APPICON_NAME = AppIcon;
				INFOPLIST_FILE = DouYuTV/Info.plist;
				LD_RUNPATH_SEARCH_PATHS = "$(inherited) @executable_path/Frameworks";
				PRODUCT_BUNDLE_IDENTIFIER = com.wang.DouYuTV;
				PRODUCT_NAME = "$(TARGET_NAME)";
			};
			name = Release;
		};
		18DEBE591D9808B100E93D56 /* Debug */ = {
			isa = XCBuildConfiguration;
			buildSettings = {
				BUNDLE_LOADER = "$(TEST_HOST)";
				INFOPLIST_FILE = DouYuTVTests/Info.plist;
				LD_RUNPATH_SEARCH_PATHS = "$(inherited) @executable_path/Frameworks @loader_path/Frameworks";
				PRODUCT_BUNDLE_IDENTIFIER = com.wang.DouYuTVTests;
				PRODUCT_NAME = "$(TARGET_NAME)";
				TEST_HOST = "$(BUILT_PRODUCTS_DIR)/DouYuTV.app/DouYuTV";
			};
			name = Debug;
		};
		18DEBE5A1D9808B100E93D56 /* Release */ = {
			isa = XCBuildConfiguration;
			buildSettings = {
				BUNDLE_LOADER = "$(TEST_HOST)";
				INFOPLIST_FILE = DouYuTVTests/Info.plist;
				LD_RUNPATH_SEARCH_PATHS = "$(inherited) @executable_path/Frameworks @loader_path/Frameworks";
				PRODUCT_BUNDLE_IDENTIFIER = com.wang.DouYuTVTests;
				PRODUCT_NAME = "$(TARGET_NAME)";
				TEST_HOST = "$(BUILT_PRODUCTS_DIR)/DouYuTV.app/DouYuTV";
			};
			name = Release;
		};
		18DEBE5C1D9808B100E93D56 /* Debug */ = {
			isa = XCBuildConfiguration;
			buildSettings = {
				INFOPLIST_FILE = DouYuTVUITests/Info.plist;
				LD_RUNPATH_SEARCH_PATHS = "$(inherited) @executable_path/Frameworks @loader_path/Frameworks";
				PRODUCT_BUNDLE_IDENTIFIER = com.wang.DouYuTVUITests;
				PRODUCT_NAME = "$(TARGET_NAME)";
				TEST_TARGET_NAME = DouYuTV;
				USES_XCTRUNNER = YES;
			};
			name = Debug;
		};
		18DEBE5D1D9808B100E93D56 /* Release */ = {
			isa = XCBuildConfiguration;
			buildSettings = {
				INFOPLIST_FILE = DouYuTVUITests/Info.plist;
				LD_RUNPATH_SEARCH_PATHS = "$(inherited) @executable_path/Frameworks @loader_path/Frameworks";
				PRODUCT_BUNDLE_IDENTIFIER = com.wang.DouYuTVUITests;
				PRODUCT_NAME = "$(TARGET_NAME)";
				TEST_TARGET_NAME = DouYuTV;
				USES_XCTRUNNER = YES;
			};
			name = Release;
		};
/* End XCBuildConfiguration section */

/* Begin XCConfigurationList section */
		18DEBE281D9808B000E93D56 /* Build configuration list for PBXProject "DouYuTV" */ = {
			isa = XCConfigurationList;
			buildConfigurations = (
				18DEBE531D9808B100E93D56 /* Debug */,
				18DEBE541D9808B100E93D56 /* Release */,
			);
			defaultConfigurationIsVisible = 0;
			defaultConfigurationName = Release;
		};
		18DEBE551D9808B100E93D56 /* Build configuration list for PBXNativeTarget "DouYuTV" */ = {
			isa = XCConfigurationList;
			buildConfigurations = (
				18DEBE561D9808B100E93D56 /* Debug */,
				18DEBE571D9808B100E93D56 /* Release */,
			);
			defaultConfigurationIsVisible = 0;
		};
		18DEBE581D9808B100E93D56 /* Build configuration list for PBXNativeTarget "DouYuTVTests" */ = {
			isa = XCConfigurationList;
			buildConfigurations = (
				18DEBE591D9808B100E93D56 /* Debug */,
				18DEBE5A1D9808B100E93D56 /* Release */,
			);
			defaultConfigurationIsVisible = 0;
		};
		18DEBE5B1D9808B100E93D56 /* Build configuration list for PBXNativeTarget "DouYuTVUITests" */ = {
			isa = XCConfigurationList;
			buildConfigurations = (
				18DEBE5C1D9808B100E93D56 /* Debug */,
				18DEBE5D1D9808B100E93D56 /* Release */,
			);
			defaultConfigurationIsVisible = 0;
		};
/* End XCConfigurationList section */
	};
	rootObject = 18DEBE251D9808B000E93D56 /* Project object */;
}
